
Microsoft Visual Studio Solution File, Format Version 12.00
# Visual Studio Version 17
VisualStudioVersion = 17.8.34525.116
MinimumVisualStudioVersion = 10.0.40219.1
Project("{FAE04EC0-301F-11D3-BF4B-00C04F79EFBC}") = "FinerDistilBert_VSTO", "FinerDistilBert_VSTO.csproj", "{A0B9364E-9BFE-4E3C-B114-F117E3B487CB}"
EndProject
Global
	GlobalSection(SolutionConfigurationPlatforms) = preSolution
		Debug|Any CPU = Debug|Any CPU
		Release|Any CPU = Release|Any CPU
	EndGlobalSection
	GlobalSection(ProjectConfigurationPlatforms) = postSolution
		{A0B9364E-9BFE-4E3C-B114-F117E3B487CB}.Debug|Any CPU.ActiveCfg = Debug|Any CPU
		{A0B9364E-9BFE-4E3C-B114-F117E3B487CB}.Debug|Any CPU.Build.0 = Debug|Any CPU
		{A0B9364E-9BFE-4E3C-B114-F117E3B487CB}.Release|Any CPU.ActiveCfg = Release|Any CPU
		{A0B9364E-9BFE-4E3C-B114-F117E3B487CB}.Release|Any CPU.Build.0 = Release|Any CPU
	EndGlobalSection
	GlobalSection(SolutionProperties) = preSolution
		HideSolutionNode = FALSE
	EndGlobalSection
	GlobalSection(ExtensibilityGlobals) = postSolution
		SolutionGuid = {95F9AD1E-9767-4569-A866-34B36BA33FD1}
	EndGlobalSection
EndGlobal
